
Microsoft Visual Studio Solution File, Format Version 12.00
# Visual Studio 15
VisualStudioVersion = 15.0.28307.572
MinimumVisualStudioVersion = 10.0.40219.1
Project("{FAE04EC0-301F-11D3-BF4B-00C04F79EFBC}") = "MvcCodeFirstProject_Sayed", "MvcCodeFirstProject_Sayed\MvcCodeFirstProject_Sayed.csproj", "{BEEAA819-9854-4CF2-9ACC-4F637D66B94A}"
EndProject
Global
	GlobalSection(SolutionConfigurationPlatforms) = preSolution
		Debug|Any CPU = Debug|Any CPU
		Release|Any CPU = Release|Any CPU
	EndGlobalSection
	GlobalSection(ProjectConfigurationPlatforms) = postSolution
		{BEEAA819-9854-4CF2-9ACC-4F637D66B94A}.Debug|Any CPU.ActiveCfg = Debug|Any CPU
		{BEEAA819-9854-4CF2-9ACC-4F637D66B94A}.Debug|Any CPU.Build.0 = Debug|Any CPU
		{BEEAA819-9854-4CF2-9ACC-4F637D66B94A}.Release|Any CPU.ActiveCfg = Release|Any CPU
		{BEEAA819-9854-4CF2-9ACC-4F637D66B94A}.Release|Any CPU.Build.0 = Release|Any CPU
	EndGlobalSection
	GlobalSection(SolutionProperties) = preSolution
		HideSolutionNode = FALSE
	EndGlobalSection
	GlobalSection(ExtensibilityGlobals) = postSolution
		SolutionGuid = {DB045930-C2A0-4309-AAD5-A397363A5BA4}
	EndGlobalSection
EndGlobal
